// !$*UTF8*$!
{
	archiveVersion = 1;
	classes = {
	};
	objectVersion = 50;
	objects = {

/* Begin PBXBuildFile section */
		3700D48524A8CCB6005C7698 /* AppDelegate.swift in Sources */ = {isa = PBXBuildFile; fileRef = 3700D48424A8CCB6005C7698 /* AppDelegate.swift */; };
		3700D48724A8CCB6005C7698 /* SceneDelegate.swift in Sources */ = {isa = PBXBuildFile; fileRef = 3700D48624A8CCB6005C7698 /* SceneDelegate.swift */; };
		3700D48924A8CCB6005C7698 /* ViewController.swift in Sources */ = {isa = PBXBuildFile; fileRef = 3700D48824A8CCB6005C7698 /* ViewController.swift */; };
		3700D48C24A8CCB6005C7698 /* Main.storyboard in Resources */ = {isa = PBXBuildFile; fileRef = 3700D48A24A8CCB6005C7698 /* Main.storyboard */; };
		3700D48E24A8CCBB005C7698 /* Assets.xcassets in Resources */ = {isa = PBXBuildFile; fileRef = 3700D48D24A8CCBB005C7698 /* Assets.xcassets */; };
		3700D49124A8CCBB005C7698 /* LaunchScreen.storyboard in Resources */ = {isa = PBXBuildFile; fileRef = 3700D48F24A8CCBB005C7698 /* LaunchScreen.storyboard */; };
		3700D49C24A8CCBB005C7698 /* Carbon_draftTests.swift in Sources */ = {isa = PBXBuildFile; fileRef = 3700D49B24A8CCBB005C7698 /* Carbon_draftTests.swift */; };
		3700D4A724A8CCBB005C7698 /* Carbon_draftUITests.swift in Sources */ = {isa = PBXBuildFile; fileRef = 3700D4A624A8CCBB005C7698 /* Carbon_draftUITests.swift */; };
		3746E322250A6F05000FD429 /* WaterViewController.swift in Sources */ = {isa = PBXBuildFile; fileRef = 3746E321250A6F05000FD429 /* WaterViewController.swift */; };
		3798619625124AA600589EED /* FoodViewController.swift in Sources */ = {isa = PBXBuildFile; fileRef = 3798619525124AA600589EED /* FoodViewController.swift */; };
		379861982512558500589EED /* TransportationViewController.swift in Sources */ = {isa = PBXBuildFile; fileRef = 379861972512558500589EED /* TransportationViewController.swift */; };
		3798619A25125A8E00589EED /* WasteViewController.swift in Sources */ = {isa = PBXBuildFile; fileRef = 3798619925125A8E00589EED /* WasteViewController.swift */; };
/* End PBXBuildFile section */

/* Begin PBXContainerItemProxy section */
		3700D49824A8CCBB005C7698 /* PBXContainerItemProxy */ = {
			isa = PBXContainerItemProxy;
			containerPortal = 3700D47924A8CCB6005C7698 /* Project object */;
			proxyType = 1;
			remoteGlobalIDString = 3700D48024A8CCB6005C7698;
			remoteInfo = Carbon.draft;
		};
		3700D4A324A8CCBB005C7698 /* PBXContainerItemProxy */ = {
			isa = PBXContainerItemProxy;
			containerPortal = 3700D47924A8CCB6005C7698 /* Project object */;
			proxyType = 1;
			remoteGlobalIDString = 3700D48024A8CCB6005C7698;
			remoteInfo = Carbon.draft;
		};
/* End PBXContainerItemProxy section */

/* Begin PBXFileReference section */
		3700D48124A8CCB6005C7698 /* Carbon.draft.app */ = {isa = PBXFileReference; explicitFileType = wrapper.application; includeInIndex = 0; path = Carbon.draft.app; sourceTree = BUILT_PRODUCTS_DIR; };
		3700D48424A8CCB6005C7698 /* AppDelegate.swift */ = {isa = PBXFileReference; lastKnownFileType = sourcecode.swift; path = AppDelegate.swift; sourceTree = "<group>"; };
		3700D48624A8CCB6005C7698 /* SceneDelegate.swift */ = {isa = PBXFileReference; lastKnownFileType = sourcecode.swift; path = SceneDelegate.swift; sourceTree = "<group>"; };
		3700D48824A8CCB6005C7698 /* ViewController.swift */ = {isa = PBXFileReference; lastKnownFileType = sourcecode.swift; path = ViewController.swift; sourceTree = "<group>"; };
		3700D48B24A8CCB6005C7698 /* Base */ = {isa = PBXFileReference; lastKnownFileType = file.storyboard; name = Base; path = Base.lproj/Main.storyboard; sourceTree = "<group>"; };
		3700D48D24A8CCBB005C7698 /* Assets.xcassets */ = {isa = PBXFileReference; lastKnownFileType = folder.assetcatalog; path = Assets.xcassets; sourceTree = "<group>"; };
		3700D49024A8CCBB005C7698 /* Base */ = {isa = PBXFileReference; lastKnownFileType = file.storyboard; name = Base; path = Base.lproj/LaunchScreen.storyboard; sourceTree = "<group>"; };
		3700D49224A8CCBB005C7698 /* Info.plist */ = {isa = PBXFileReference; lastKnownFileType = text.plist.xml; path = Info.plist; sourceTree = "<group>"; };
		3700D49724A8CCBB005C7698 /* Carbon.draftTests.xctest */ = {isa = PBXFileReference; explicitFileType = wrapper.cfbundle; includeInIndex = 0; path = Carbon.draftTests.xctest; sourceTree = BUILT_PRODUCTS_DIR; };
		3700D49B24A8CCBB005C7698 /* Carbon_draftTests.swift */ = {isa = PBXFileReference; lastKnownFileType = sourcecode.swift; path = Carbon_draftTests.swift; sourceTree = "<group>"; };
		3700D49D24A8CCBB005C7698 /* Info.plist */ = {isa = PBXFileReference; lastKnownFileType = text.plist.xml; path = Info.plist; sourceTree = "<group>"; };
		3700D4A224A8CCBB005C7698 /* Carbon.draftUITests.xctest */ = {isa = PBXFileReference; explicitFileType = wrapper.cfbundle; includeInIndex = 0; path = Carbon.draftUITests.xctest; sourceTree = BUILT_PRODUCTS_DIR; };
		3700D4A624A8CCBB005C7698 /* Carbon_draftUITests.swift */ = {isa = PBXFileReference; lastKnownFileType = sourcecode.swift; path = Carbon_draftUITests.swift; sourceTree = "<group>"; };
		3700D4A824A8CCBB005C7698 /* Info.plist */ = {isa = PBXFileReference; lastKnownFileType = text.plist.xml; path = Info.plist; sourceTree = "<group>"; };
		3746E321250A6F05000FD429 /* WaterViewController.swift */ = {isa = PBXFileReference; lastKnownFileType = sourcecode.swift; path = WaterViewController.swift; sourceTree = "<group>"; };
		3798619525124AA600589EED /* FoodViewController.swift */ = {isa = PBXFileReference; lastKnownFileType = sourcecode.swift; path = FoodViewController.swift; sourceTree = "<group>"; };
		379861972512558500589EED /* TransportationViewController.swift */ = {isa = PBXFileReference; lastKnownFileType = sourcecode.swift; path = TransportationViewController.swift; sourceTree = "<group>"; };
		3798619925125A8E00589EED /* WasteViewController.swift */ = {isa = PBXFileReference; lastKnownFileType = sourcecode.swift; path = WasteViewController.swift; sourceTree = "<group>"; };
/* End PBXFileReference section */

/* Begin PBXFrameworksBuildPhase section */
		3700D47E24A8CCB6005C7698 /* Frameworks */ = {
			isa = PBXFrameworksBuildPhase;
			buildActionMask = 2147483647;
			files = (
			);
			runOnlyForDeploymentPostprocessing = 0;
		};
		3700D49424A8CCBB005C7698 /* Frameworks */ = {
			isa = PBXFrameworksBuildPhase;
			buildActionMask = 2147483647;
			files = (
			);
			runOnlyForDeploymentPostprocessing = 0;
		};
		3700D49F24A8CCBB005C7698 /* Frameworks */ = {
			isa = PBXFrameworksBuildPhase;
			buildActionMask = 2147483647;
			files = (
			);
			runOnlyForDeploymentPostprocessing = 0;
		};
/* End PBXFrameworksBuildPhase section */

/* Begin PBXGroup section */
		3700D47824A8CCB6005C7698 = {
			isa = PBXGroup;
			children = (
				3700D48324A8CCB6005C7698 /* Carbon.draft */,
				3700D49A24A8CCBB005C7698 /* Carbon.draftTests */,
				3700D4A524A8CCBB005C7698 /* Carbon.draftUITests */,
				3700D48224A8CCB6005C7698 /* Products */,
			);
			sourceTree = "<group>";
		};
		3700D48224A8CCB6005C7698 /* Products */ = {
			isa = PBXGroup;
			children = (
				3700D48124A8CCB6005C7698 /* Carbon.draft.app */,
				3700D49724A8CCBB005C7698 /* Carbon.draftTests.xctest */,
				3700D4A224A8CCBB005C7698 /* Carbon.draftUITests.xctest */,
			);
			name = Products;
			sourceTree = "<group>";
		};
		3700D48324A8CCB6005C7698 /* Carbon.draft */ = {
			isa = PBXGroup;
			children = (
				3700D48424A8CCB6005C7698 /* AppDelegate.swift */,
				3700D48624A8CCB6005C7698 /* SceneDelegate.swift */,
				3700D48824A8CCB6005C7698 /* ViewController.swift */,
				3798619925125A8E00589EED /* WasteViewController.swift */,
				379861972512558500589EED /* TransportationViewController.swift */,
				3746E321250A6F05000FD429 /* WaterViewController.swift */,
				3798619525124AA600589EED /* FoodViewController.swift */,
				3700D48A24A8CCB6005C7698 /* Main.storyboard */,
				3700D48D24A8CCBB005C7698 /* Assets.xcassets */,
				3700D48F24A8CCBB005C7698 /* LaunchScreen.storyboard */,
				3700D49224A8CCBB005C7698 /* Info.plist */,
			);
			path = Carbon.draft;
			sourceTree = "<group>";
		};
		3700D49A24A8CCBB005C7698 /* Carbon.draftTests */ = {
			isa = PBXGroup;
			children = (
				3700D49B24A8CCBB005C7698 /* Carbon_draftTests.swift */,
				3700D49D24A8CCBB005C7698 /* Info.plist */,
			);
			path = Carbon.draftTests;
			sourceTree = "<group>";
		};
		3700D4A524A8CCBB005C7698 /* Carbon.draftUITests */ = {
			isa = PBXGroup;
			children = (
				3700D4A624A8CCBB005C7698 /* Carbon_draftUITests.swift */,
				3700D4A824A8CCBB005C7698 /* Info.plist */,
			);
			path = Carbon.draftUITests;
			sourceTree = "<group>";
		};
/* End PBXGroup section */

/* Begin PBXNativeTarget section */
		3700D48024A8CCB6005C7698 /* Carbon.draft */ = {
			isa = PBXNativeTarget;
			buildConfigurationList = 3700D4AB24A8CCBB005C7698 /* Build configuration list for PBXNativeTarget "Carbon.draft" */;
			buildPhases = (
				3700D47D24A8CCB6005C7698 /* Sources */,
				3700D47E24A8CCB6005C7698 /* Frameworks */,
				3700D47F24A8CCB6005C7698 /* Resources */,
			);
			buildRules = (
			);
			dependencies = (
			);
			name = Carbon.draft;
			productName = Carbon.draft;
			productReference = 3700D48124A8CCB6005C7698 /* Carbon.draft.app */;
			productType = "com.apple.product-type.application";
		};
		3700D49624A8CCBB005C7698 /* Carbon.draftTests */ = {
			isa = PBXNativeTarget;
			buildConfigurationList = 3700D4AE24A8CCBB005C7698 /* Build configuration list for PBXNativeTarget "Carbon.draftTests" */;
			buildPhases = (
				3700D49324A8CCBB005C7698 /* Sources */,
				3700D49424A8CCBB005C7698 /* Frameworks */,
				3700D49524A8CCBB005C7698 /* Resources */,
			);
			buildRules = (
			);
			dependencies = (
				3700D49924A8CCBB005C7698 /* PBXTargetDependency */,
			);
			name = Carbon.draftTests;
			productName = Carbon.draftTests;
			productReference = 3700D49724A8CCBB005C7698 /* Carbon.draftTests.xctest */;
			productType = "com.apple.product-type.bundle.unit-test";
		};
		3700D4A124A8CCBB005C7698 /* Carbon.draftUITests */ = {
			isa = PBXNativeTarget;
			buildConfigurationList = 3700D4B124A8CCBB005C7698 /* Build configuration list for PBXNativeTarget "Carbon.draftUITests" */;
			buildPhases = (
				3700D49E24A8CCBB005C7698 /* Sources */,
				3700D49F24A8CCBB005C7698 /* Frameworks */,
				3700D4A024A8CCBB005C7698 /* Resources */,
			);
			buildRules = (
			);
			dependencies = (
				3700D4A424A8CCBB005C7698 /* PBXTargetDependency */,
			);
			name = Carbon.draftUITests;
			productName = Carbon.draftUITests;
			productReference = 3700D4A224A8CCBB005C7698 /* Carbon.draftUITests.xctest */;
			productType = "com.apple.product-type.bundle.ui-testing";
		};
/* End PBXNativeTarget section */

/* Begin PBXProject section */
		3700D47924A8CCB6005C7698 /* Project object */ = {
			isa = PBXProject;
			attributes = {
				LastSwiftUpdateCheck = 1150;
				LastUpgradeCheck = 1150;
				ORGANIZATIONNAME = "Jocelyn Miller";
				TargetAttributes = {
					3700D48024A8CCB6005C7698 = {
						CreatedOnToolsVersion = 11.5;
					};
					3700D49624A8CCBB005C7698 = {
						CreatedOnToolsVersion = 11.5;
						TestTargetID = 3700D48024A8CCB6005C7698;
					};
					3700D4A124A8CCBB005C7698 = {
						CreatedOnToolsVersion = 11.5;
						TestTargetID = 3700D48024A8CCB6005C7698;
					};
				};
			};
			buildConfigurationList = 3700D47C24A8CCB6005C7698 /* Build configuration list for PBXProject "Carbon.draft" */;
			compatibilityVersion = "Xcode 9.3";
			developmentRegion = en;
			hasScannedForEncodings = 0;
			knownRegions = (
				en,
				Base,
			);
			mainGroup = 3700D47824A8CCB6005C7698;
			productRefGroup = 3700D48224A8CCB6005C7698 /* Products */;
			projectDirPath = "";
			projectRoot = "";
			targets = (
				3700D48024A8CCB6005C7698 /* Carbon.draft */,
				3700D49624A8CCBB005C7698 /* Carbon.draftTests */,
				3700D4A124A8CCBB005C7698 /* Carbon.draftUITests */,
			);
		};
/* End PBXProject section */

/* Begin PBXResourcesBuildPhase section */
		3700D47F24A8CCB6005C7698 /* Resources */ = {
			isa = PBXResourcesBuildPhase;
			buildActionMask = 2147483647;
			files = (
				3700D49124A8CCBB005C7698 /* LaunchScreen.storyboard in Resources */,
				3700D48E24A8CCBB005C7698 /* Assets.xcassets in Resources */,
				3700D48C24A8CCB6005C7698 /* Main.storyboard in Resources */,
			);
			runOnlyForDeploymentPostprocessing = 0;
		};
		3700D49524A8CCBB005C7698 /* Resources */ = {
			isa = PBXResourcesBuildPhase;
			buildActionMask = 2147483647;
			files = (
			);
			runOnlyForDeploymentPostprocessing = 0;
		};
		3700D4A024A8CCBB005C7698 /* Resources */ = {
			isa = PBXResourcesBuildPhase;
			buildActionMask = 2147483647;
			files = (
			);
			runOnlyForDeploymentPostprocessing = 0;
		};
/* End PBXResourcesBuildPhase section */

/* Begin PBXSourcesBuildPhase section */
		3700D47D24A8CCB6005C7698 /* Sources */ = {
			isa = PBXSourcesBuildPhase;
			buildActionMask = 2147483647;
			files = (
				3798619A25125A8E00589EED /* WasteViewController.swift in Sources */,
				379861982512558500589EED /* TransportationViewController.swift in Sources */,
				3700D48924A8CCB6005C7698 /* ViewController.swift in Sources */,
				3798619625124AA600589EED /* FoodViewController.swift in Sources */,
				3700D48524A8CCB6005C7698 /* AppDelegate.swift in Sources */,
				3746E322250A6F05000FD429 /* WaterViewController.swift in Sources */,
				3700D48724A8CCB6005C7698 /* SceneDelegate.swift in Sources */,
			);
			runOnlyForDeploymentPostprocessing = 0;
		};
		3700D49324A8CCBB005C7698 /* Sources */ = {
			isa = PBXSourcesBuildPhase;
			buildActionMask = 2147483647;
			files = (
				3700D49C24A8CCBB005C7698 /* Carbon_draftTests.swift in Sources */,
			);
			runOnlyForDeploymentPostprocessing = 0;
		};
		3700D49E24A8CCBB005C7698 /* Sources */ = {
			isa = PBXSourcesBuildPhase;
			buildActionMask = 2147483647;
			files = (
				3700D4A724A8CCBB005C7698 /* Carbon_draftUITests.swift in Sources */,
			);
			runOnlyForDeploymentPostprocessing = 0;
		};
/* End PBXSourcesBuildPhase section */

/* Begin PBXTargetDependency section */
		3700D49924A8CCBB005C7698 /* PBXTargetDependency */ = {
			isa = PBXTargetDependency;
			target = 3700D48024A8CCB6005C7698 /* Carbon.draft */;
			targetProxy = 3700D49824A8CCBB005C7698 /* PBXContainerItemProxy */;
		};
		3700D4A424A8CCBB005C7698 /* PBXTargetDependency */ = {
			isa = PBXTargetDependency;
			target = 3700D48024A8CCB6005C7698 /* Carbon.draft */;
			targetProxy = 3700D4A324A8CCBB005C7698 /* PBXContainerItemProxy */;
		};
/* End PBXTargetDependency section */

/* Begin PBXVariantGroup section */
		3700D48A24A8CCB6005C7698 /* Main.storyboard */ = {
			isa = PBXVariantGroup;
			children = (
				3700D48B24A8CCB6005C7698 /* Base */,
			);
			name = Main.storyboard;
			sourceTree = "<group>";
		};
		3700D48F24A8CCBB005C7698 /* LaunchScreen.storyboard */ = {
			isa = PBXVariantGroup;
			children = (
				3700D49024A8CCBB005C7698 /* Base */,
			);
			name = LaunchScreen.storyboard;
			sourceTree = "<group>";
		};
/* End PBXVariantGroup section */

/* Begin XCBuildConfiguration section */
		3700D4A924A8CCBB005C7698 /* Debug */ = {
			isa = XCBuildConfiguration;
			buildSettings = {
				ALWAYS_SEARCH_USER_PATHS = NO;
				CLANG_ANALYZER_NONNULL = YES;
				CLANG_ANALYZER_NUMBER_OBJECT_CONVERSION = YES_AGGRESSIVE;
				CLANG_CXX_LANGUAGE_STANDARD = "gnu++14";
				CLANG_CXX_LIBRARY = "libc++";
				CLANG_ENABLE_MODULES = YES;
				CLANG_ENABLE_OBJC_ARC = YES;
				CLANG_ENABLE_OBJC_WEAK = YES;
				CLANG_WARN_BLOCK_CAPTURE_AUTORELEASING = YES;
				CLANG_WARN_BOOL_CONVERSION = YES;
				CLANG_WARN_COMMA = YES;
				CLANG_WARN_CONSTANT_CONVERSION = YES;
				CLANG_WARN_DEPRECATED_OBJC_IMPLEMENTATIONS = YES;
				CLANG_WARN_DIRECT_OBJC_ISA_USAGE = YES_ERROR;
				CLANG_WARN_DOCUMENTATION_COMMENTS = YES;
				CLANG_WARN_EMPTY_BODY = YES;
				CLANG_WARN_ENUM_CONVERSION = YES;
				CLANG_WARN_INFINITE_RECURSION = YES;
				CLANG_WARN_INT_CONVERSION = YES;
				CLANG_WARN_NON_LITERAL_NULL_CONVERSION = YES;
				CLANG_WARN_OBJC_IMPLICIT_RETAIN_SELF = YES;
				CLANG_WARN_OBJC_LITERAL_CONVERSION = YES;
				CLANG_WARN_OBJC_ROOT_CLASS = YES_ERROR;
				CLANG_WARN_RANGE_LOOP_ANALYSIS = YES;
				CLANG_WARN_STRICT_PROTOTYPES = YES;
				CLANG_WARN_SUSPICIOUS_MOVE = YES;
				CLANG_WARN_UNGUARDED_AVAILABILITY = YES_AGGRESSIVE;
				CLANG_WARN_UNREACHABLE_CODE = YES;
				CLANG_WARN__DUPLICATE_METHOD_MATCH = YES;
				COPY_PHASE_STRIP = NO;
				DEBUG_INFORMATION_FORMAT = dwarf;
				ENABLE_STRICT_OBJC_MSGSEND = YES;
				ENABLE_TESTABILITY = YES;
				GCC_C_LANGUAGE_STANDARD = gnu11;
				GCC_DYNAMIC_NO_PIC = NO;
				GCC_NO_COMMON_BLOCKS = YES;
				GCC_OPTIMIZATION_LEVEL = 0;
				GCC_PREPROCESSOR_DEFINITIONS = (
					"DEBUG=1",
					"$(inherited)",
				);
				GCC_WARN_64_TO_32_BIT_CONVERSION = YES;
				GCC_WARN_ABOUT_RETURN_TYPE = YES_ERROR;
				GCC_WARN_UNDECLARED_SELECTOR = YES;
				GCC_WARN_UNINITIALIZED_AUTOS = YES_AGGRESSIVE;
				GCC_WARN_UNUSED_FUNCTION = YES;
				GCC_WARN_UNUSED_VARIABLE = YES;
				IPHONEOS_DEPLOYMENT_TARGET = 13.5;
				MTL_ENABLE_DEBUG_INFO = INCLUDE_SOURCE;
				MTL_FAST_MATH = YES;
				ONLY_ACTIVE_ARCH = YES;
				SDKROOT = iphoneos;
				SWIFT_ACTIVE_COMPILATION_CONDITIONS = DEBUG;
				SWIFT_OPTIMIZATION_LEVEL = "-Onone";
			};
			name = Debug;
		};
		3700D4AA24A8CCBB005C7698 /* Release */ = {
			isa = XCBuildConfiguration;
			buildSettings = {
				ALWAYS_SEARCH_USER_PATHS = NO;
				CLANG_ANALYZER_NONNULL = YES;
				CLANG_ANALYZER_NUMBER_OBJECT_CONVERSION = YES_AGGRESSIVE;
				CLANG_CXX_LANGUAGE_STANDARD = "gnu++14";
				CLANG_CXX_LIBRARY = "libc++";
				CLANG_ENABLE_MODULES = YES;
				CLANG_ENABLE_OBJC_ARC = YES;
				CLANG_ENABLE_OBJC_WEAK = YES;
				CLANG_WARN_BLOCK_CAPTURE_AUTORELEASING = YES;
				CLANG_WARN_BOOL_CONVERSION = YES;
				CLANG_WARN_COMMA = YES;
				CLANG_WARN_CONSTANT_CONVERSION = YES;
				CLANG_WARN_DEPRECATED_OBJC_IMPLEMENTATIONS = YES;
				CLANG_WARN_DIRECT_OBJC_ISA_USAGE = YES_ERROR;
				CLANG_WARN_DOCUMENTATION_COMMENTS = YES;
				CLANG_WARN_EMPTY_BODY = YES;
				CLANG_WARN_ENUM_CONVERSION = YES;
				CLANG_WARN_INFINITE_RECURSION = YES;
				CLANG_WARN_INT_CONVERSION = YES;
				CLANG_WARN_NON_LITERAL_NULL_CONVERSION = YES;
				CLANG_WARN_OBJC_IMPLICIT_RETAIN_SELF = YES;
				CLANG_WARN_OBJC_LITERAL_CONVERSION = YES;
				CLANG_WARN_OBJC_ROOT_CLASS = YES_ERROR;
				CLANG_WARN_RANGE_LOOP_ANALYSIS = YES;
				CLANG_WARN_STRICT_PROTOTYPES = YES;
				CLANG_WARN_SUSPICIOUS_MOVE = YES;
				CLANG_WARN_UNGUARDED_AVAILABILITY = YES_AGGRESSIVE;
				CLANG_WARN_UNREACHABLE_CODE = YES;
				CLANG_WARN__DUPLICATE_METHOD_MATCH = YES;
				COPY_PHASE_STRIP = NO;
				DEBUG_INFORMATION_FORMAT = "dwarf-with-dsym";
				ENABLE_NS_ASSERTIONS = NO;
				ENABLE_STRICT_OBJC_MSGSEND = YES;
				GCC_C_LANGUAGE_STANDARD = gnu11;
				GCC_NO_COMMON_BLOCKS = YES;
				GCC_WARN_64_TO_32_BIT_CONVERSION = YES;
				GCC_WARN_ABOUT_RETURN_TYPE = YES_ERROR;
				GCC_WARN_UNDECLARED_SELECTOR = YES;
				GCC_WARN_UNINITIALIZED_AUTOS = YES_AGGRESSIVE;
				GCC_WARN_UNUSED_FUNCTION = YES;
				GCC_WARN_UNUSED_VARIABLE = YES;
				IPHONEOS_DEPLOYMENT_TARGET = 13.5;
				MTL_ENABLE_DEBUG_INFO = NO;
				MTL_FAST_MATH = YES;
				SDKROOT = iphoneos;
				SWIFT_COMPILATION_MODE = wholemodule;
				SWIFT_OPTIMIZATION_LEVEL = "-O";
				VALIDATE_PRODUCT = YES;
			};
			name = Release;
		};
		3700D4AC24A8CCBB005C7698 /* Debug */ = {
			isa = XCBuildConfiguration;
			buildSettings = {
				ASSETCATALOG_COMPILER_APPICON_NAME = AppIcon;
				CODE_SIGN_STYLE = Automatic;
				DEVELOPMENT_TEAM = ZN2276ZGAF;
				INFOPLIST_FILE = Carbon.draft/Info.plist;
				LD_RUNPATH_SEARCH_PATHS = (
					"$(inherited)",
					"@executable_path/Frameworks",
				);
				PRODUCT_BUNDLE_IDENTIFIER = "goodStuff.Carbon-draft";
				PRODUCT_NAME = "$(TARGET_NAME)";
				SWIFT_VERSION = 5.0;
				TARGETED_DEVICE_FAMILY = "1,2";
			};
			name = Debug;
		};
		3700D4AD24A8CCBB005C7698 /* Release */ = {
			isa = XCBuildConfiguration;
			buildSettings = {
				ASSETCATALOG_COMPILER_APPICON_NAME = AppIcon;
				CODE_SIGN_STYLE = Automatic;
				DEVELOPMENT_TEAM = ZN2276ZGAF;
				INFOPLIST_FILE = Carbon.draft/Info.plist;
				LD_RUNPATH_SEARCH_PATHS = (
					"$(inherited)",
					"@executable_path/Frameworks",
				);
				PRODUCT_BUNDLE_IDENTIFIER = "goodStuff.Carbon-draft";
				PRODUCT_NAME = "$(TARGET_NAME)";
				SWIFT_VERSION = 5.0;
				TARGETED_DEVICE_FAMILY = "1,2";
			};
			name = Release;
		};
		3700D4AF24A8CCBB005C7698 /* Debug */ = {
			isa = XCBuildConfiguration;
			buildSettings = {
				ALWAYS_EMBED_SWIFT_STANDARD_LIBRARIES = YES;
				BUNDLE_LOADER = "$(TEST_HOST)";
				CODE_SIGN_STYLE = Automatic;
				DEVELOPMENT_TEAM = ZN2276ZGAF;
				INFOPLIST_FILE = Carbon.draftTests/Info.plist;
				IPHONEOS_DEPLOYMENT_TARGET = 13.5;
				LD_RUNPATH_SEARCH_PATHS = (
					"$(inherited)",
					"@executable_path/Frameworks",
					"@loader_path/Frameworks",
				);
				PRODUCT_BUNDLE_IDENTIFIER = "goodStuff.Carbon-draftTests";
				PRODUCT_NAME = "$(TARGET_NAME)";
				SWIFT_VERSION = 5.0;
				TARGETED_DEVICE_FAMILY = "1,2";
				TEST_HOST = "$(BUILT_PRODUCTS_DIR)/Carbon.draft.app/Carbon.draft";
			};
			name = Debug;
		};
		3700D4B024A8CCBB005C7698 /* Release */ = {
			isa = XCBuildConfiguration;
			buildSettings = {
				ALWAYS_EMBED_SWIFT_STANDARD_LIBRARIES = YES;
				BUNDLE_LOADER = "$(TEST_HOST)";
				CODE_SIGN_STYLE = Automatic;
				DEVELOPMENT_TEAM = ZN2276ZGAF;
				INFOPLIST_FILE = Carbon.draftTests/Info.plist;
				IPHONEOS_DEPLOYMENT_TARGET = 13.5;
				LD_RUNPATH_SEARCH_PATHS = (
					"$(inherited)",
					"@executable_path/Frameworks",
					"@loader_path/Frameworks",
				);
				PRODUCT_BUNDLE_IDENTIFIER = "goodStuff.Carbon-draftTests";
				PRODUCT_NAME = "$(TARGET_NAME)";
				SWIFT_VERSION = 5.0;
				TARGETED_DEVICE_FAMILY = "1,2";
				TEST_HOST = "$(BUILT_PRODUCTS_DIR)/Carbon.draft.app/Carbon.draft";
			};
			name = Release;
		};
		3700D4B224A8CCBB005C7698 /* Debug */ = {
			isa = XCBuildConfiguration;
			buildSettings = {
				ALWAYS_EMBED_SWIFT_STANDARD_LIBRARIES = YES;
				CODE_SIGN_STYLE = Automatic;
				DEVELOPMENT_TEAM = ZN2276ZGAF;
				INFOPLIST_FILE = Carbon.draftUITests/Info.plist;
				LD_RUNPATH_SEARCH_PATHS = (
					"$(inherited)",
					"@executable_path/Frameworks",
					"@loader_path/Frameworks",
				);
				PRODUCT_BUNDLE_IDENTIFIER = "goodStuff.Carbon-draftUITests";
				PRODUCT_NAME = "$(TARGET_NAME)";
				SWIFT_VERSION = 5.0;
				TARGETED_DEVICE_FAMILY = "1,2";
				TEST_TARGET_NAME = Carbon.draft;
			};
			name = Debug;
		};
		3700D4B324A8CCBB005C7698 /* Release */ = {
			isa = XCBuildConfiguration;
			buildSettings = {
				ALWAYS_EMBED_SWIFT_STANDARD_LIBRARIES = YES;
				CODE_SIGN_STYLE = Automatic;
				DEVELOPMENT_TEAM = ZN2276ZGAF;
				INFOPLIST_FILE = Carbon.draftUITests/Info.plist;
				LD_RUNPATH_SEARCH_PATHS = (
					"$(inherited)",
					"@executable_path/Frameworks",
					"@loader_path/Frameworks",
				);
				PRODUCT_BUNDLE_IDENTIFIER = "goodStuff.Carbon-draftUITests";
				PRODUCT_NAME = "$(TARGET_NAME)";
				SWIFT_VERSION = 5.0;
				TARGETED_DEVICE_FAMILY = "1,2";
				TEST_TARGET_NAME = Carbon.draft;
			};
			name = Release;
		};
/* End XCBuildConfiguration section */

/* Begin XCConfigurationList section */
		3700D47C24A8CCB6005C7698 /* Build configuration list for PBXProject "Carbon.draft" */ = {
			isa = XCConfigurationList;
			buildConfigurations = (
				3700D4A924A8CCBB005C7698 /* Debug */,
				3700D4AA24A8CCBB005C7698 /* Release */,
			);
			defaultConfigurationIsVisible = 0;
			defaultConfigurationName = Release;
		};
		3700D4AB24A8CCBB005C7698 /* Build configuration list for PBXNativeTarget "Carbon.draft" */ = {
			isa = XCConfigurationList;
			buildConfigurations = (
				3700D4AC24A8CCBB005C7698 /* Debug */,
				3700D4AD24A8CCBB005C7698 /* Release */,
			);
			defaultConfigurationIsVisible = 0;
			defaultConfigurationName = Release;
		};
		3700D4AE24A8CCBB005C7698 /* Build configuration list for PBXNativeTarget "Carbon.draftTests" */ = {
			isa = XCConfigurationList;
			buildConfigurations = (
				3700D4AF24A8CCBB005C7698 /* Debug */,
				3700D4B024A8CCBB005C7698 /* Release */,
			);
			defaultConfigurationIsVisible = 0;
			defaultConfigurationName = Release;
		};
		3700D4B124A8CCBB005C7698 /* Build configuration list for PBXNativeTarget "Carbon.draftUITests" */ = {
			isa = XCConfigurationList;
			buildConfigurations = (
				3700D4B224A8CCBB005C7698 /* Debug */,
				3700D4B324A8CCBB005C7698 /* Release */,
			);
			defaultConfigurationIsVisible = 0;
			defaultConfigurationName = Release;
		};
/* End XCConfigurationList section */
	};
	rootObject = 3700D47924A8CCB6005C7698 /* Project object */;
}
